// !$*UTF8*$!
{
	archiveVersion = 1;
	classes = {
	};
	objectVersion = 55;
	objects = {

/* Begin PBXBuildFile section */
		2285CC8327CEB4090068D55C /* AppDelegate.swift in Sources */ = {isa = PBXBuildFile; fileRef = 2285CC8227CEB4090068D55C /* AppDelegate.swift */; };
		2285CC8527CEB4090068D55C /* SceneDelegate.swift in Sources */ = {isa = PBXBuildFile; fileRef = 2285CC8427CEB4090068D55C /* SceneDelegate.swift */; };
		2285CC8727CEB4090068D55C /* ViewController.swift in Sources */ = {isa = PBXBuildFile; fileRef = 2285CC8627CEB4090068D55C /* ViewController.swift */; };
		2285CC8A27CEB4090068D55C /* MainView.storyboard in Resources */ = {isa = PBXBuildFile; fileRef = 2285CC8827CEB4090068D55C /* MainView.storyboard */; };
		2285CC8D27CEB4090068D55C /* GithubDemo_Video_1.xcdatamodeld in Sources */ = {isa = PBXBuildFile; fileRef = 2285CC8B27CEB4090068D55C /* GithubDemo_Video_1.xcdatamodeld */; };
		2285CC8F27CEB40B0068D55C /* Assets.xcassets in Resources */ = {isa = PBXBuildFile; fileRef = 2285CC8E27CEB40B0068D55C /* Assets.xcassets */; };
		2285CC9227CEB40B0068D55C /* LaunchScreen.storyboard in Resources */ = {isa = PBXBuildFile; fileRef = 2285CC9027CEB40B0068D55C /* LaunchScreen.storyboard */; };
		22E7D98B27CEB67C0035F001 /* SecondSwiftUIView.swift in Sources */ = {isa = PBXBuildFile; fileRef = 22E7D98A27CEB67C0035F001 /* SecondSwiftUIView.swift */; };
/* End PBXBuildFile section */

/* Begin PBXFileReference section */
		2285CC7F27CEB4090068D55C /* GithubDemo-Video-1.app */ = {isa = PBXFileReference; explicitFileType = wrapper.application; includeInIndex = 0; path = "GithubDemo-Video-1.app"; sourceTree = BUILT_PRODUCTS_DIR; };
		2285CC8227CEB4090068D55C /* AppDelegate.swift */ = {isa = PBXFileReference; lastKnownFileType = sourcecode.swift; path = AppDelegate.swift; sourceTree = "<group>"; };
		2285CC8427CEB4090068D55C /* SceneDelegate.swift */ = {isa = PBXFileReference; lastKnownFileType = sourcecode.swift; path = SceneDelegate.swift; sourceTree = "<group>"; };
		2285CC8627CEB4090068D55C /* ViewController.swift */ = {isa = PBXFileReference; lastKnownFileType = sourcecode.swift; path = ViewController.swift; sourceTree = "<group>"; };
		2285CC8927CEB4090068D55C /* Base */ = {isa = PBXFileReference; lastKnownFileType = file.storyboard; name = Base; path = Base.lproj/MainView.storyboard; sourceTree = "<group>"; };
		2285CC8C27CEB4090068D55C /* GithubDemo_Video_1.xcdatamodel */ = {isa = PBXFileReference; lastKnownFileType = wrapper.xcdatamodel; path = GithubDemo_Video_1.xcdatamodel; sourceTree = "<group>"; };
		2285CC8E27CEB40B0068D55C /* Assets.xcassets */ = {isa = PBXFileReference; lastKnownFileType = folder.assetcatalog; path = Assets.xcassets; sourceTree = "<group>"; };
		2285CC9127CEB40B0068D55C /* Base */ = {isa = PBXFileReference; lastKnownFileType = file.storyboard; name = Base; path = Base.lproj/LaunchScreen.storyboard; sourceTree = "<group>"; };
		2285CC9327CEB40B0068D55C /* Info.plist */ = {isa = PBXFileReference; lastKnownFileType = text.plist.xml; path = Info.plist; sourceTree = "<group>"; };
		22E7D98A27CEB67C0035F001 /* SecondSwiftUIView.swift */ = {isa = PBXFileReference; lastKnownFileType = sourcecode.swift; path = SecondSwiftUIView.swift; sourceTree = "<group>"; };
/* End PBXFileReference section */

/* Begin PBXFrameworksBuildPhase section */
		2285CC7C27CEB4090068D55C /* Frameworks */ = {
			isa = PBXFrameworksBuildPhase;
			buildActionMask = 2147483647;
			files = (
			);
			runOnlyForDeploymentPostprocessing = 0;
		};
/* End PBXFrameworksBuildPhase section */

/* Begin PBXGroup section */
		2285CC7627CEB4090068D55C = {
			isa = PBXGroup;
			children = (
				2285CC8127CEB4090068D55C /* GithubDemo-Video-1 */,
				2285CC8027CEB4090068D55C /* Products */,
			);
			sourceTree = "<group>";
		};
		2285CC8027CEB4090068D55C /* Products */ = {
			isa = PBXGroup;
			children = (
				2285CC7F27CEB4090068D55C /* GithubDemo-Video-1.app */,
			);
			name = Products;
			sourceTree = "<group>";
		};
		2285CC8127CEB4090068D55C /* GithubDemo-Video-1 */ = {
			isa = PBXGroup;
			children = (
				2285CC8227CEB4090068D55C /* AppDelegate.swift */,
				2285CC8427CEB4090068D55C /* SceneDelegate.swift */,
				2285CC8627CEB4090068D55C /* ViewController.swift */,
				22E7D98A27CEB67C0035F001 /* SecondSwiftUIView.swift */,
				2285CC8827CEB4090068D55C /* MainView.storyboard */,
				2285CC8E27CEB40B0068D55C /* Assets.xcassets */,
				2285CC9027CEB40B0068D55C /* LaunchScreen.storyboard */,
				2285CC9327CEB40B0068D55C /* Info.plist */,
				2285CC8B27CEB4090068D55C /* GithubDemo_Video_1.xcdatamodeld */,
			);
			path = "GithubDemo-Video-1";
			sourceTree = "<group>";
		};
/* End PBXGroup section */

/* Begin PBXNativeTarget section */
		2285CC7E27CEB4090068D55C /* GithubDemo-Video-1 */ = {
			isa = PBXNativeTarget;
			buildConfigurationList = 2285CC9627CEB40B0068D55C /* Build configuration list for PBXNativeTarget "GithubDemo-Video-1" */;
			buildPhases = (
				2285CC7B27CEB4090068D55C /* Sources */,
				2285CC7C27CEB4090068D55C /* Frameworks */,
				2285CC7D27CEB4090068D55C /* Resources */,
			);
			buildRules = (
			);
			dependencies = (
			);
			name = "GithubDemo-Video-1";
			productName = "GithubDemo-Video-1";
			productReference = 2285CC7F27CEB4090068D55C /* GithubDemo-Video-1.app */;
			productType = "com.apple.product-type.application";
		};
/* End PBXNativeTarget section */

/* Begin PBXProject section */
		2285CC7727CEB4090068D55C /* Project object */ = {
			isa = PBXProject;
			attributes = {
				BuildIndependentTargetsInParallel = 1;
				LastSwiftUpdateCheck = 1300;
				LastUpgradeCheck = 1300;
				TargetAttributes = {
					2285CC7E27CEB4090068D55C = {
						CreatedOnToolsVersion = 13.0;
					};
				};
			};
			buildConfigurationList = 2285CC7A27CEB4090068D55C /* Build configuration list for PBXProject "GithubDemo-Video-1" */;
			compatibilityVersion = "Xcode 13.0";
			developmentRegion = en;
			hasScannedForEncodings = 0;
			knownRegions = (
				en,
				Base,
			);
			mainGroup = 2285CC7627CEB4090068D55C;
			productRefGroup = 2285CC8027CEB4090068D55C /* Products */;
			projectDirPath = "";
			projectRoot = "";
			targets = (
				2285CC7E27CEB4090068D55C /* GithubDemo-Video-1 */,
			);
		};
/* End PBXProject section */

/* Begin PBXResourcesBuildPhase section */
		2285CC7D27CEB4090068D55C /* Resources */ = {
			isa = PBXResourcesBuildPhase;
			buildActionMask = 2147483647;
			files = (
				2285CC9227CEB40B0068D55C /* LaunchScreen.storyboard in Resources */,
				2285CC8F27CEB40B0068D55C /* Assets.xcassets in Resources */,
				2285CC8A27CEB4090068D55C /* MainView.storyboard in Resources */,
			);
			runOnlyForDeploymentPostprocessing = 0;
		};
/* End PBXResourcesBuildPhase section */

/* Begin PBXSourcesBuildPhase section */
		2285CC7B27CEB4090068D55C /* Sources */ = {
			isa = PBXSourcesBuildPhase;
			buildActionMask = 2147483647;
			files = (
				2285CC8727CEB4090068D55C /* ViewController.swift in Sources */,
				2285CC8D27CEB4090068D55C /* GithubDemo_Video_1.xcdatamodeld in Sources */,
				22E7D98B27CEB67C0035F001 /* SecondSwiftUIView.swift in Sources */,
				2285CC8327CEB4090068D55C /* AppDelegate.swift in Sources */,
				2285CC8527CEB4090068D55C /* SceneDelegate.swift in Sources */,
			);
			runOnlyForDeploymentPostprocessing = 0;
		};
/* End PBXSourcesBuildPhase section */

/* Begin PBXVariantGroup section */
		2285CC8827CEB4090068D55C /* MainView.storyboard */ = {
			isa = PBXVariantGroup;
			children = (
				2285CC8927CEB4090068D55C /* Base */,
			);
			name = MainView.storyboard;
			sourceTree = "<group>";
		};
		2285CC9027CEB40B0068D55C /* LaunchScreen.storyboard */ = {
			isa = PBXVariantGroup;
			children = (
				2285CC9127CEB40B0068D55C /* Base */,
			);
			name = LaunchScreen.storyboard;
			sourceTree = "<group>";
		};
/* End PBXVariantGroup section */

/* Begin XCBuildConfiguration section */
		2285CC9427CEB40B0068D55C /* Debug */ = {
			isa = XCBuildConfiguration;
			buildSettings = {
				ALWAYS_SEARCH_USER_PATHS = NO;
				CLANG_ANALYZER_NONNULL = YES;
				CLANG_ANALYZER_NUMBER_OBJECT_CONVERSION = YES_AGGRESSIVE;
				CLANG_CXX_LANGUAGE_STANDARD = "gnu++17";
				CLANG_CXX_LIBRARY = "libc++";
				CLANG_ENABLE_MODULES = YES;
				CLANG_ENABLE_OBJC_ARC = YES;
				CLANG_ENABLE_OBJC_WEAK = YES;
				CLANG_WARN_BLOCK_CAPTURE_AUTORELEASING = YES;
				CLANG_WARN_BOOL_CONVERSION = YES;
				CLANG_WARN_COMMA = YES;
				CLANG_WARN_CONSTANT_CONVERSION = YES;
				CLANG_WARN_DEPRECATED_OBJC_IMPLEMENTATIONS = YES;
				CLANG_WARN_DIRECT_OBJC_ISA_USAGE = YES_ERROR;
				CLANG_WARN_DOCUMENTATION_COMMENTS = YES;
				CLANG_WARN_EMPTY_BODY = YES;
				CLANG_WARN_ENUM_CONVERSION = YES;
				CLANG_WARN_INFINITE_RECURSION = YES;
				CLANG_WARN_INT_CONVERSION = YES;
				CLANG_WARN_NON_LITERAL_NULL_CONVERSION = YES;
				CLANG_WARN_OBJC_IMPLICIT_RETAIN_SELF = YES;
				CLANG_WARN_OBJC_LITERAL_CONVERSION = YES;
				CLANG_WARN_OBJC_ROOT_CLASS = YES_ERROR;
				CLANG_WARN_QUOTED_INCLUDE_IN_FRAMEWORK_HEADER = YES;
				CLANG_WARN_RANGE_LOOP_ANALYSIS = YES;
				CLANG_WARN_STRICT_PROTOTYPES = YES;
				CLANG_WARN_SUSPICIOUS_MOVE = YES;
				CLANG_WARN_UNGUARDED_AVAILABILITY = YES_AGGRESSIVE;
				CLANG_WARN_UNREACHABLE_CODE = YES;
				CLANG_WARN__DUPLICATE_METHOD_MATCH = YES;
				COPY_PHASE_STRIP = NO;
				DEBUG_INFORMATION_FORMAT = dwarf;
				ENABLE_STRICT_OBJC_MSGSEND = YES;
				ENABLE_TESTABILITY = YES;
				GCC_C_LANGUAGE_STANDARD = gnu11;
				GCC_DYNAMIC_NO_PIC = NO;
				GCC_NO_COMMON_BLOCKS = YES;
				GCC_OPTIMIZATION_LEVEL = 0;
				GCC_PREPROCESSOR_DEFINITIONS = (
					"DEBUG=1",
					"$(inherited)",
				);
				GCC_WARN_64_TO_32_BIT_CONVERSION = YES;
				GCC_WARN_ABOUT_RETURN_TYPE = YES_ERROR;
				GCC_WARN_UNDECLARED_SELECTOR = YES;
				GCC_WARN_UNINITIALIZED_AUTOS = YES_AGGRESSIVE;
				GCC_WARN_UNUSED_FUNCTION = YES;
				GCC_WARN_UNUSED_VARIABLE = YES;
				IPHONEOS_DEPLOYMENT_TARGET = 15.0;
				MTL_ENABLE_DEBUG_INFO = INCLUDE_SOURCE;
				MTL_FAST_MATH = YES;
				ONLY_ACTIVE_ARCH = YES;
				SDKROOT = iphoneos;
				SWIFT_ACTIVE_COMPILATION_CONDITIONS = DEBUG;
				SWIFT_OPTIMIZATION_LEVEL = "-Onone";
			};
			name = Debug;
		};
		2285CC9527CEB40B0068D55C /* Release */ = {
			isa = XCBuildConfiguration;
			buildSettings = {
				ALWAYS_SEARCH_USER_PATHS = NO;
				CLANG_ANALYZER_NONNULL = YES;
				CLANG_ANALYZER_NUMBER_OBJECT_CONVERSION = YES_AGGRESSIVE;
				CLANG_CXX_LANGUAGE_STANDARD = "gnu++17";
				CLANG_CXX_LIBRARY = "libc++";
				CLANG_ENABLE_MODULES = YES;
				CLANG_ENABLE_OBJC_ARC = YES;
				CLANG_ENABLE_OBJC_WEAK = YES;
				CLANG_WARN_BLOCK_CAPTURE_AUTORELEASING = YES;
				CLANG_WARN_BOOL_CONVERSION = YES;
				CLANG_WARN_COMMA = YES;
				CLANG_WARN_CONSTANT_CONVERSION = YES;
				CLANG_WARN_DEPRECATED_OBJC_IMPLEMENTATIONS = YES;
				CLANG_WARN_DIRECT_OBJC_ISA_USAGE = YES_ERROR;
				CLANG_WARN_DOCUMENTATION_COMMENTS = YES;
				CLANG_WARN_EMPTY_BODY = YES;
				CLANG_WARN_ENUM_CONVERSION = YES;
				CLANG_WARN_INFINITE_RECURSION = YES;
				CLANG_WARN_INT_CONVERSION = YES;
				CLANG_WARN_NON_LITERAL_NULL_CONVERSION = YES;
				CLANG_WARN_OBJC_IMPLICIT_RETAIN_SELF = YES;
				CLANG_WARN_OBJC_LITERAL_CONVERSION = YES;
				CLANG_WARN_OBJC_ROOT_CLASS = YES_ERROR;
				CLANG_WARN_QUOTED_INCLUDE_IN_FRAMEWORK_HEADER = YES;
				CLANG_WARN_RANGE_LOOP_ANALYSIS = YES;
				CLANG_WARN_STRICT_PROTOTYPES = YES;
				CLANG_WARN_SUSPICIOUS_MOVE = YES;
				CLANG_WARN_UNGUARDED_AVAILABILITY = YES_AGGRESSIVE;
				CLANG_WARN_UNREACHABLE_CODE = YES;
				CLANG_WARN__DUPLICATE_METHOD_MATCH = YES;
				COPY_PHASE_STRIP = NO;
				DEBUG_INFORMATION_FORMAT = "dwarf-with-dsym";
				ENABLE_NS_ASSERTIONS = NO;
				ENABLE_STRICT_OBJC_MSGSEND = YES;
				GCC_C_LANGUAGE_STANDARD = gnu11;
				GCC_NO_COMMON_BLOCKS = YES;
				GCC_WARN_64_TO_32_BIT_CONVERSION = YES;
				GCC_WARN_ABOUT_RETURN_TYPE = YES_ERROR;
				GCC_WARN_UNDECLARED_SELECTOR = YES;
				GCC_WARN_UNINITIALIZED_AUTOS = YES_AGGRESSIVE;
				GCC_WARN_UNUSED_FUNCTION = YES;
				GCC_WARN_UNUSED_VARIABLE = YES;
				IPHONEOS_DEPLOYMENT_TARGET = 15.0;
				MTL_ENABLE_DEBUG_INFO = NO;
				MTL_FAST_MATH = YES;
				SDKROOT = iphoneos;
				SWIFT_COMPILATION_MODE = wholemodule;
				SWIFT_OPTIMIZATION_LEVEL = "-O";
				VALIDATE_PRODUCT = YES;
			};
			name = Release;
		};
		2285CC9727CEB40B0068D55C /* Debug */ = {
			isa = XCBuildConfiguration;
			buildSettings = {
				ASSETCATALOG_COMPILER_APPICON_NAME = AppIcon;
				ASSETCATALOG_COMPILER_GLOBAL_ACCENT_COLOR_NAME = AccentColor;
				CODE_SIGN_STYLE = Automatic;
				CURRENT_PROJECT_VERSION = 1;
				DEVELOPMENT_TEAM = L2REF7KEJN;
				GENERATE_INFOPLIST_FILE = YES;
				INFOPLIST_FILE = "GithubDemo-Video-1/Info.plist";
				INFOPLIST_KEY_UIApplicationSupportsIndirectInputEvents = YES;
				INFOPLIST_KEY_UILaunchStoryboardName = LaunchScreen;
				INFOPLIST_KEY_UIMainStoryboardFile = Main;
				INFOPLIST_KEY_UISupportedInterfaceOrientations_iPad = "UIInterfaceOrientationPortrait UIInterfaceOrientationPortraitUpsideDown UIInterfaceOrientationLandscapeLeft UIInterfaceOrientationLandscapeRight";
				INFOPLIST_KEY_UISupportedInterfaceOrientations_iPhone = "UIInterfaceOrientationPortrait UIInterfaceOrientationLandscapeLeft UIInterfaceOrientationLandscapeRight";
				LD_RUNPATH_SEARCH_PATHS = (
					"$(inherited)",
					"@executable_path/Frameworks",
				);
				MARKETING_VERSION = 1.0;
				PRODUCT_BUNDLE_IDENTIFIER = "team-d.GithubDemo-Video-1";
				PRODUCT_NAME = "$(TARGET_NAME)";
				SWIFT_EMIT_LOC_STRINGS = YES;
				SWIFT_VERSION = 5.0;
				TARGETED_DEVICE_FAMILY = "1,2";
			};
			name = Debug;
		};
		2285CC9827CEB40B0068D55C /* Release */ = {
			isa = XCBuildConfiguration;
			buildSettings = {
				ASSETCATALOG_COMPILER_APPICON_NAME = AppIcon;
				ASSETCATALOG_COMPILER_GLOBAL_ACCENT_COLOR_NAME = AccentColor;
				CODE_SIGN_STYLE = Automatic;
				CURRENT_PROJECT_VERSION = 1;
				DEVELOPMENT_TEAM = L2REF7KEJN;
				GENERATE_INFOPLIST_FILE = YES;
				INFOPLIST_FILE = "GithubDemo-Video-1/Info.plist";
				INFOPLIST_KEY_UIApplicationSupportsIndirectInputEvents = YES;
				INFOPLIST_KEY_UILaunchStoryboardName = LaunchScreen;
				INFOPLIST_KEY_UIMainStoryboardFile = Main;
				INFOPLIST_KEY_UISupportedInterfaceOrientations_iPad = "UIInterfaceOrientationPortrait UIInterfaceOrientationPortraitUpsideDown UIInterfaceOrientationLandscapeLeft UIInterfaceOrientationLandscapeRight";
				INFOPLIST_KEY_UISupportedInterfaceOrientations_iPhone = "UIInterfaceOrientationPortrait UIInterfaceOrientationLandscapeLeft UIInterfaceOrientationLandscapeRight";
				LD_RUNPATH_SEARCH_PATHS = (
					"$(inherited)",
					"@executable_path/Frameworks",
				);
				MARKETING_VERSION = 1.0;
				PRODUCT_BUNDLE_IDENTIFIER = "team-d.GithubDemo-Video-1";
				PRODUCT_NAME = "$(TARGET_NAME)";
				SWIFT_EMIT_LOC_STRINGS = YES;
				SWIFT_VERSION = 5.0;
				TARGETED_DEVICE_FAMILY = "1,2";
			};
			name = Release;
		};
/* End XCBuildConfiguration section */

/* Begin XCConfigurationList section */
		2285CC7A27CEB4090068D55C /* Build configuration list for PBXProject "GithubDemo-Video-1" */ = {
			isa = XCConfigurationList;
			buildConfigurations = (
				2285CC9427CEB40B0068D55C /* Debug */,
				2285CC9527CEB40B0068D55C /* Release */,
			);
			defaultConfigurationIsVisible = 0;
			defaultConfigurationName = Release;
		};
		2285CC9627CEB40B0068D55C /* Build configuration list for PBXNativeTarget "GithubDemo-Video-1" */ = {
			isa = XCConfigurationList;
			buildConfigurations = (
				2285CC9727CEB40B0068D55C /* Debug */,
				2285CC9827CEB40B0068D55C /* Release */,
			);
			defaultConfigurationIsVisible = 0;
			defaultConfigurationName = Release;
		};
/* End XCConfigurationList section */

/* Begin XCVersionGroup section */
		2285CC8B27CEB4090068D55C /* GithubDemo_Video_1.xcdatamodeld */ = {
			isa = XCVersionGroup;
			children = (
				2285CC8C27CEB4090068D55C /* GithubDemo_Video_1.xcdatamodel */,
			);
			currentVersion = 2285CC8C27CEB4090068D55C /* GithubDemo_Video_1.xcdatamodel */;
			path = GithubDemo_Video_1.xcdatamodeld;
			sourceTree = "<group>";
			versionGroupType = wrapper.xcdatamodel;
		};
/* End XCVersionGroup section */
	};
	rootObject = 2285CC7727CEB4090068D55C /* Project object */;
}
